
Microsoft Visual Studio Solution File, Format Version 12.00
# Visual Studio Version 16
VisualStudioVersion = 16.0.31829.152
MinimumVisualStudioVersion = 10.0.40219.1
Project("{8BC9CEB8-8B4A-11D0-8D11-00A0C91BC942}") = "GameServer", "GameServer\GameServer.vcxproj", "{E1342EF6-32CD-401B-A0D8-4BDC4FA3E5F0}"
EndProject
Project("{8BC9CEB8-8B4A-11D0-8D11-00A0C91BC942}") = "ServerCore", "ServerCore\ServerCore.vcxproj", "{7ED20C53-7E69-4EB3-82A3-25FC2BBCE3D5}"
EndProject
Project("{8BC9CEB8-8B4A-11D0-8D11-00A0C91BC942}") = "LobbyServer", "LobbyServer\LobbyServer.vcxproj", "{62239975-1BD5-4AD0-B4F5-06605F76CDEA}"
EndProject
Project("{8BC9CEB8-8B4A-11D0-8D11-00A0C91BC942}") = "BattleServer", "BattleServer\BattleServer.vcxproj", "{04DCBCD2-64E9-4DD7-90EB-D543C4688757}"
EndProject
Global
	GlobalSection(SolutionConfigurationPlatforms) = preSolution
		Debug|x64 = Debug|x64
		Debug|x86 = Debug|x86
		Release|x64 = Release|x64
		Release|x86 = Release|x86
	EndGlobalSection
	GlobalSection(ProjectConfigurationPlatforms) = postSolution
		{E1342EF6-32CD-401B-A0D8-4BDC4FA3E5F0}.Debug|x64.ActiveCfg = Debug|x64
		{E1342EF6-32CD-401B-A0D8-4BDC4FA3E5F0}.Debug|x64.Build.0 = Debug|x64
		{E1342EF6-32CD-401B-A0D8-4BDC4FA3E5F0}.Debug|x86.ActiveCfg = Debug|Win32
		{E1342EF6-32CD-401B-A0D8-4BDC4FA3E5F0}.Debug|x86.Build.0 = Debug|Win32
		{E1342EF6-32CD-401B-A0D8-4BDC4FA3E5F0}.Release|x64.ActiveCfg = Release|x64
		{E1342EF6-32CD-401B-A0D8-4BDC4FA3E5F0}.Release|x64.Build.0 = Release|x64
		{E1342EF6-32CD-401B-A0D8-4BDC4FA3E5F0}.Release|x86.ActiveCfg = Release|Win32
		{E1342EF6-32CD-401B-A0D8-4BDC4FA3E5F0}.Release|x86.Build.0 = Release|Win32
		{7ED20C53-7E69-4EB3-82A3-25FC2BBCE3D5}.Debug|x64.ActiveCfg = Debug|x64
		{7ED20C53-7E69-4EB3-82A3-25FC2BBCE3D5}.Debug|x64.Build.0 = Debug|x64
		{7ED20C53-7E69-4EB3-82A3-25FC2BBCE3D5}.Debug|x86.ActiveCfg = Debug|Win32
		{7ED20C53-7E69-4EB3-82A3-25FC2BBCE3D5}.Debug|x86.Build.0 = Debug|Win32
		{7ED20C53-7E69-4EB3-82A3-25FC2BBCE3D5}.Release|x64.ActiveCfg = Release|x64
		{7ED20C53-7E69-4EB3-82A3-25FC2BBCE3D5}.Release|x64.Build.0 = Release|x64
		{7ED20C53-7E69-4EB3-82A3-25FC2BBCE3D5}.Release|x86.ActiveCfg = Release|Win32
		{7ED20C53-7E69-4EB3-82A3-25FC2BBCE3D5}.Release|x86.Build.0 = Release|Win32
		{62239975-1BD5-4AD0-B4F5-06605F76CDEA}.Debug|x64.ActiveCfg = Debug|x64
		{62239975-1BD5-4AD0-B4F5-06605F76CDEA}.Debug|x64.Build.0 = Debug|x64
		{62239975-1BD5-4AD0-B4F5-06605F76CDEA}.Debug|x86.ActiveCfg = Debug|Win32
		{62239975-1BD5-4AD0-B4F5-06605F76CDEA}.Debug|x86.Build.0 = Debug|Win32
		{62239975-1BD5-4AD0-B4F5-06605F76CDEA}.Release|x64.ActiveCfg = Release|x64
		{62239975-1BD5-4AD0-B4F5-06605F76CDEA}.Release|x64.Build.0 = Release|x64
		{62239975-1BD5-4AD0-B4F5-06605F76CDEA}.Release|x86.ActiveCfg = Release|Win32
		{62239975-1BD5-4AD0-B4F5-06605F76CDEA}.Release|x86.Build.0 = Release|Win32
		{04DCBCD2-64E9-4DD7-90EB-D543C4688757}.Debug|x64.ActiveCfg = Debug|x64
		{04DCBCD2-64E9-4DD7-90EB-D543C4688757}.Debug|x64.Build.0 = Debug|x64
		{04DCBCD2-64E9-4DD7-90EB-D543C4688757}.Debug|x86.ActiveCfg = Debug|Win32
		{04DCBCD2-64E9-4DD7-90EB-D543C4688757}.Debug|x86.Build.0 = Debug|Win32
		{04DCBCD2-64E9-4DD7-90EB-D543C4688757}.Release|x64.ActiveCfg = Release|x64
		{04DCBCD2-64E9-4DD7-90EB-D543C4688757}.Release|x64.Build.0 = Release|x64
		{04DCBCD2-64E9-4DD7-90EB-D543C4688757}.Release|x86.ActiveCfg = Release|Win32
		{04DCBCD2-64E9-4DD7-90EB-D543C4688757}.Release|x86.Build.0 = Release|Win32
	EndGlobalSection
	GlobalSection(SolutionProperties) = preSolution
		HideSolutionNode = FALSE
	EndGlobalSection
	GlobalSection(ExtensibilityGlobals) = postSolution
		SolutionGuid = {3EB1BCAC-B3B7-4FC9-926B-B2F46A86BC60}
	EndGlobalSection
EndGlobal
