<?xml version="1.0" encoding="utf-8"?>
<Project ToolsVersion="4.0" xmlns="http://schemas.microsoft.com/developer/msbuild/2003">
  <ItemGroup>
    <Filter Include="Main">
      <UniqueIdentifier>{9792fe4d-0486-4a73-a045-af030becf46d}</UniqueIdentifier>
    </Filter>
    <Filter Include="Utils">
      <UniqueIdentifier>{b1fdab16-f1e0-45a4-bb9c-1c2f181c7743}</UniqueIdentifier>
    </Filter>
    <Filter Include="Client">
      <UniqueIdentifier>{574c9acc-b226-48a4-820b-4ce4cb110a60}</UniqueIdentifier>
    </Filter>
    <Filter Include="Exp_Over">
      <UniqueIdentifier>{5e2f35d2-9b0c-4aa1-9903-b362245d1e5d}</UniqueIdentifier>
    </Filter>
    <Filter Include="Enum">
      <UniqueIdentifier>{f1aa7514-5563-4c11-b70f-b7cf1a82d1a9}</UniqueIdentifier>
    </Filter>
    <Filter Include="Concurent">
      <UniqueIdentifier>{6e0c3814-c947-484c-a452-88e9ceb0f2ce}</UniqueIdentifier>
    </Filter>
    <Filter Include="DB">
      <UniqueIdentifier>{77447068-13e1-4388-b0dc-4d566d79366c}</UniqueIdentifier>
    </Filter>
    <Filter Include="IOCP">
      <UniqueIdentifier>{08240907-04c0-42fa-bda2-f35bfaaa061c}</UniqueIdentifier>
    </Filter>
    <Filter Include="Server">
      <UniqueIdentifier>{74498d27-d572-4e66-a1b4-6eeb981b1199}</UniqueIdentifier>
    </Filter>
    <Filter Include="Packet_Manager">
      <UniqueIdentifier>{5782e4d6-035b-4ca8-8ca3-d0e2cdae2518}</UniqueIdentifier>
    </Filter>
  </ItemGroup>
  <ItemGroup>
    <ClCompile Include="GameServer.cpp">
      <Filter>Main</Filter>
    </ClCompile>
    <ClCompile Include="pch.cpp">
      <Filter>Utils</Filter>
    </ClCompile>
    <ClCompile Include="CLIENT.cpp">
      <Filter>Client</Filter>
    </ClCompile>
    <ClCompile Include="Overlap.cpp">
      <Filter>Exp_Over</Filter>
    </ClCompile>
    <ClCompile Include="ConcurrentQueue.cpp">
      <Filter>Concurent</Filter>
    </ClCompile>
    <ClCompile Include="ConcurrentStack.cpp">
      <Filter>Concurent</Filter>
    </ClCompile>
    <ClCompile Include="GameDataBase.cpp">
      <Filter>DB</Filter>
    </ClCompile>
    <ClCompile Include="InGameServer.cpp">
      <Filter>Server</Filter>
    </ClCompile>
    <ClCompile Include="IOCPServer.cpp">
      <Filter>IOCP</Filter>
    </ClCompile>
    <ClCompile Include="P_Manager.cpp">
      <Filter>Packet_Manager</Filter>
    </ClCompile>
  </ItemGroup>
  <ItemGroup>
    <ClInclude Include="pch.h">
      <Filter>Utils</Filter>
    </ClInclude>
    <ClInclude Include="CLIENT.h">
      <Filter>Client</Filter>
    </ClInclude>
    <ClInclude Include="Overlap.h">
      <Filter>Exp_Over</Filter>
    </ClInclude>
    <ClInclude Include="Enum.h">
      <Filter>Enum</Filter>
    </ClInclude>
    <ClInclude Include="ConcurrentQueue.h">
      <Filter>Concurent</Filter>
    </ClInclude>
    <ClInclude Include="ConcurrentStack.h">
      <Filter>Concurent</Filter>
    </ClInclude>
    <ClInclude Include="GameDataBase.h">
      <Filter>DB</Filter>
    </ClInclude>
    <ClInclude Include="InGameServer.h">
      <Filter>Server</Filter>
    </ClInclude>
    <ClInclude Include="IOCPServer.h">
      <Filter>IOCP</Filter>
    </ClInclude>
    <ClInclude Include="P_Manager.h">
      <Filter>Packet_Manager</Filter>
    </ClInclude>
  </ItemGroup>
</Project>